{
  "name": "@nexssp/system",
  "version": "1.0.3",
  "lockfileVersion": 1,
  "requires": true,
  "dependencies": {
    "@nexssp/ansi": {
      "version": "1.1.1",
      "resolved": "https://registry.npmjs.org/@nexssp/ansi/-/ansi-1.1.1.tgz",
      "integrity": "sha512-A+LEgohLXR1Xkg6khfcdY4f97fHiBM1AzWhiDgiiSR3Z5uV96Y4lZEf/7NOxQjp3kzRE0Ey7s9mbp4UF0fRksA=="
    },
    "@nexssp/extend": {
      "version": "1.0.7",
      "resolved": "https://registry.npmjs.org/@nexssp/extend/-/extend-1.0.7.tgz",
      "integrity": "sha512-rBxbFK9S/sHuKhvTtXX6zlL4alwuO/HI91KImFXb5livE0+Ic8xF96o8kc4aX39rqjx2SG5pcGS0zhoWE1t1Ag=="
    },
    "@nexssp/stack": {
      "version": "1.0.9",
      "resolved": "https://registry.npmjs.org/@nexssp/stack/-/stack-1.0.9.tgz",
      "integrity": "sha512-KEGdFn4/qBGbDq8ObtXZY9T1aKzebXRDFjRfVk9r8LrI1DEOdabtggNjAW/cukOUZ3usXir4Jo+zwZmIOur6FA==",
      "requires": {
        "@nexssp/ansi": "^1.0.7"
      }
    },
    "string-argv": {
      "version": "0.3.1",
      "resolved": "https://registry.npmjs.org/string-argv/-/string-argv-0.3.1.tgz",
      "integrity": "sha512-a1uQGz7IyVy9YwhqjZIZu1c8JO8dNIe20xBmSS6qu9kv++k3JGzCVmprbNN5Kn+BgzD5E7YYwg1CcjuJMRNsvg=="
    }
  }
}
