{
  "name": "@nexssp/system",
  "version": "1.1.4",
  "lockfileVersion": 1,
  "requires": true,
  "dependencies": {
    "@nexssp/ansi": {
      "version": "1.1.1",
      "resolved": "https://registry.npmjs.org/@nexssp/ansi/-/ansi-1.1.1.tgz",
      "integrity": "sha512-A+LEgohLXR1Xkg6khfcdY4f97fHiBM1AzWhiDgiiSR3Z5uV96Y4lZEf/7NOxQjp3kzRE0Ey7s9mbp4UF0fRksA=="
    },
    "@nexssp/extend": {
      "version": "1.0.13",
      "resolved": "https://registry.npmjs.org/@nexssp/extend/-/extend-1.0.13.tgz",
      "integrity": "sha512-V+WzBt1GpJr0BrbEEr8j7rBedea5e4GO0Yt5/eA+fCNH3+foslAJmzu86NEIfxHWQ1gIhr+w9LmbG4WWNBvf8w==",
      "requires": {
        "js-yaml": "^4.1.0"
      }
    },
    "@nexssp/os": {
      "version": "1.0.30",
      "resolved": "https://registry.npmjs.org/@nexssp/os/-/os-1.0.30.tgz",
      "integrity": "sha512-KTj8svpAr50oh/KBX2NMAJ7t1rBSm7WRiCcEKBvW55bK/0W/ZXybQexRxDUk3rT9y8LpGzvXHNuVzeUMADH4oQ=="
    },
    "@nexssp/stack": {
      "version": "1.0.9",
      "resolved": "https://registry.npmjs.org/@nexssp/stack/-/stack-1.0.9.tgz",
      "integrity": "sha512-KEGdFn4/qBGbDq8ObtXZY9T1aKzebXRDFjRfVk9r8LrI1DEOdabtggNjAW/cukOUZ3usXir4Jo+zwZmIOur6FA==",
      "requires": {
        "@nexssp/ansi": "^1.0.7"
      }
    },
    "argparse": {
      "version": "2.0.1",
      "resolved": "https://registry.npmjs.org/argparse/-/argparse-2.0.1.tgz",
      "integrity": "sha512-8+9WqebbFzpX9OR+Wa6O29asIogeRMzcGtAINdpMHHyAg10f05aSFVBbcEqGf/PXw1EjAZ+q2/bEBg3DvurK3Q=="
    },
    "js-yaml": {
      "version": "4.1.0",
      "resolved": "https://registry.npmjs.org/js-yaml/-/js-yaml-4.1.0.tgz",
      "integrity": "sha512-wpxZs9NoxZaJESJGIZTyDEaYpl0FKSA+FB9aJiyemKhMwkxQg63h4T1KJgUGHpTqPDNRcmmYLugrRjJlBtWvRA==",
      "requires": {
        "argparse": "^2.0.1"
      }
    },
    "string-argv": {
      "version": "0.3.1",
      "resolved": "https://registry.npmjs.org/string-argv/-/string-argv-0.3.1.tgz",
      "integrity": "sha512-a1uQGz7IyVy9YwhqjZIZu1c8JO8dNIe20xBmSS6qu9kv++k3JGzCVmprbNN5Kn+BgzD5E7YYwg1CcjuJMRNsvg=="
    }
  }
}
